lockfileVersion: '9.0'

settings:
  autoInstallPeers: true
  excludeLinksFromLockfile: false

importers:

  .:
    dependencies:
      ccxt:
        specifier: ^4.5.54
        version: 4.5.56
      dotenv:
        specifier: ^17.4.2
        version: 17.4.2

packages:

  ccxt@4.5.56:
    resolution: {integrity: sha512-4UhGBI0ektkLdBBq8vv9mVhBXoIciqaFaeL6KOhMsQMrEq3h3T8Gt1Z+8Wfx1AbUZI2aAkgqWU42pcLOPhFJrQ==}
    engines: {node: '>=15.0.0'}

  dotenv@17.4.2:
    resolution: {integrity: sha512-nI4U3TottKAcAD9LLud4Cb7b2QztQMUEfHbvhTH09bqXTxnSie8WnjPALV/WMCrJZ6UV/qHJ6L03OqO3LcdYZw==}
    engines: {node: '>=12'}

  ws@8.21.0:
    resolution: {integrity: sha512-Vsp28b7DRcimFQvrqu2Wek3z1iYxDCWqHYB8Qsnk/S4RfaCQzPGPyBNuVjJV3cd6UiKtUtp6sNM77gWvzcCH+g==}
    engines: {node: '>=10.0.0'}
    peerDependencies:
      bufferutil: ^4.0.1
      utf-8-validate: '>=5.0.2'
    peerDependenciesMeta:
      bufferutil:
        optional: true
      utf-8-validate:
        optional: true

snapshots:

  ccxt@4.5.56:
    dependencies:
      ws: 8.21.0
    transitivePeerDependencies:
      - bufferutil
      - utf-8-validate

  dotenv@17.4.2: {}

  ws@8.21.0: {}
